{
  "name": "@profoundry-us/highball-rails",
  "version": "0.2.2",
  "lockfileVersion": 3,
  "requires": true,
  "packages": {
    "": {
      "name": "@profoundry-us/highball-rails",
      "version": "0.2.2",
      "license": "MIT",
      "bin": {
        "highball-rails": "bin/highball-rails.js"
      },
      "engines": {
        "node": ">=18"
      },
      "peerDependencies": {
        "@profoundry-us/highball": ">=0.4.0"
      },
      "peerDependenciesMeta": {
        "@profoundry-us/highball": {
          "optional": true
        }
      }
    }
  }
}
